# THIS IS AN AUTOGENERATED FILE. DO NOT EDIT THIS FILE DIRECTLY.
# yarn lockfile v1


detect-indent@^5.0.0:
  version "5.0.0"
  resolved "https://registry.yarnpkg.com/detect-indent/-/detect-indent-5.0.0.tgz#3871cc0a6a002e8c3e5b3cf7f336264675f06b9d"
  integrity sha1-OHHMCmoALow+Wzz38zYmRnXwa50=

graceful-fs@^4.1.11, graceful-fs@^4.1.15:
  version "4.2.3"
  resolved "https://registry.yarnpkg.com/graceful-fs/-/graceful-fs-4.2.3.tgz#4a12ff1b60376ef09862c2093edd908328be8423"
  integrity sha512-a30VEBm4PEdx1dRB7MFK7BejejvCvBronbLjht+sHuGYj8PHs7M/5Z+rt5lw551vZ7yfTCj4Vuyy3mSJytDWRQ==

imurmurhash@^0.1.4:
  version "0.1.4"
  resolved "https://registry.yarnpkg.com/imurmurhash/-/imurmurhash-0.1.4.tgz#9218b9b2b928a238b13dc4fb6b6d576f231453ea"
  integrity sha1-khi5srkoojixPcT7a21XbyMUU+o=

is-plain-obj@^1.0.0:
  version "1.1.0"
  resolved "https://registry.yarnpkg.com/is-plain-obj/-/is-plain-obj-1.1.0.tgz#71a50c8429dfca773c92a390a4a03b39fcd51d3e"
  integrity sha1-caUMhCnfync8kqOQpKA7OfzVHT4=

make-dir@^2.1.0:
  version "2.1.0"
  resolved "https://registry.yarnpkg.com/make-dir/-/make-dir-2.1.0.tgz#5f0310e18b8be898cc07009295a30ae41e91e6f5"
  integrity sha512-LS9X+dc8KLxXCb8dni79fLIIUA5VyZoyjSMCwTluaXA0o27cCK0bhXkpgw+sTXVpPy/lSO57ilRixqk0vDmtRA==
  dependencies:
    pify "^4.0.1"
    semver "^5.6.0"

pify@^4.0.1:
  version "4.0.1"
  resolved "https://registry.yarnpkg.com/pify/-/pify-4.0.1.tgz#4b2cd25c50d598735c50292224fd8c6df41e3231"
  integrity sha512-uB80kBFb/tfd68bVleG9T5GGsGPjJrLAUpR5PZIrhBnIaRTQRjqdJSsIKkOP6OAIFbj7GOrcudc5pNjZ+geV2g==

semver@^5.6.0:
  version "5.7.1"
  resolved "https://registry.yarnpkg.com/semver/-/semver-5.7.1.tgz#a954f931aeba508d307bbf069eff0c01c96116f7"
  integrity sha512-sauaDf/PZdVgrLTNYHRtpXa1iRiKcaebiKQ1BJdpQlWH2lCvexQdX55snPFyK7QzpudqbCI0qXFfOasHdyNDGQ==

signal-exit@^3.0.2:
  version "3.0.2"
  resolved "https://registry.yarnpkg.com/signal-exit/-/signal-exit-3.0.2.tgz#b5fdc08f1287ea1178628e415e25132b73646c6d"
  integrity sha1-tf3AjxKH6hF4Yo5BXiUTK3NkbG0=

sort-keys@^2.0.0:
  version "2.0.0"
  resolved "https://registry.yarnpkg.com/sort-keys/-/sort-keys-2.0.0.tgz#658535584861ec97d730d6cf41822e1f56684128"
  integrity sha1-ZYU1WEhh7JfXMNbPQYIuH1ZoQSg=
  dependencies:
    is-plain-obj "^1.0.0"

type-fest@^0.4.1:
  version "0.4.1"
  resolved "https://registry.yarnpkg.com/type-fest/-/type-fest-0.4.1.tgz#8bdf77743385d8a4f13ba95f610f5ccd68c728f8"
  integrity sha512-IwzA/LSfD2vC1/YDYMv/zHP4rDF1usCwllsDpbolT3D4fUepIO7f9K70jjmUewU/LmGUKJcwcVtDCpnKk4BPMw==

write-file-atomic@^2.4.2:
  version "2.4.3"
  resolved "https://registry.yarnpkg.com/write-file-atomic/-/write-file-atomic-2.4.3.tgz#1fd2e9ae1df3e75b8d8c367443c692d4ca81f481"
  integrity sha512-GaETH5wwsX+GcnzhPgKcKjJ6M2Cq3/iZp1WyY/X1CSqrW+jVNM9Y7D8EC2sM4ZG/V8wZlSniJnCKWPmBYAucRQ==
  dependencies:
    graceful-fs "^4.1.11"
    imurmurhash "^0.1.4"
    signal-exit "^3.0.2"

write-json-file@^3.2.0:
  version "3.2.0"
  resolved "https://registry.yarnpkg.com/write-json-file/-/write-json-file-3.2.0.tgz#65bbdc9ecd8a1458e15952770ccbadfcff5fe62a"
  integrity sha512-3xZqT7Byc2uORAatYiP3DHUUAVEkNOswEWNs9H5KXiicRTvzYzYqKjYc4G7p+8pltvAw641lVByKVtMpf+4sYQ==
  dependencies:
    detect-indent "^5.0.0"
    graceful-fs "^4.1.15"
    make-dir "^2.1.0"
    pify "^4.0.1"
    sort-keys "^2.0.0"
    write-file-atomic "^2.4.2"

write-pkg@^4.0.0:
  version "4.0.0"
  resolved "https://registry.yarnpkg.com/write-pkg/-/write-pkg-4.0.0.tgz#675cc04ef6c11faacbbc7771b24c0abbf2a20039"
  integrity sha512-v2UQ+50TNf2rNHJ8NyWttfm/EJUBWMJcx6ZTYZr6Qp52uuegWw/lBkCtCbnYZEmPRNL61m+u67dAmGxo+HTULA==
  dependencies:
    sort-keys "^2.0.0"
    type-fest "^0.4.1"
    write-json-file "^3.2.0"

yarn@^1.22.0:
  version "1.22.0"
  resolved "https://registry.yarnpkg.com/yarn/-/yarn-1.22.0.tgz#acf82906e36bcccd1ccab1cfb73b87509667c881"
  integrity sha512-KMHP/Jq53jZKTY9iTUt3dIVl/be6UPs2INo96+BnZHLKxYNTfwMmlgHTaMWyGZoO74RI4AIFvnWhYrXq2USJkg==
